
Microsoft Visual Studio Solution File, Format Version 12.00
# Visual Studio Version 17
VisualStudioVersion = 17.6.33815.320
MinimumVisualStudioVersion = 10.0.40219.1
Project("{FAE04EC0-301F-11D3-BF4B-00C04F79EFBC}") = "RouteMasterService", "RouteMasterService\RouteMasterService.csproj", "{37813417-5489-47F2-B4BB-4A0D432E8E4A}"
EndProject
Project("{FAE04EC0-301F-11D3-BF4B-00C04F79EFBC}") = "RouteMasterFrontend", "RouteMasterFrontend\RouteMasterFrontend.csproj", "{B9CE0AE8-1275-4820-B6F0-E4D606281BEE}"
EndProject
Global
	GlobalSection(SolutionConfigurationPlatforms) = preSolution
		Debug|Any CPU = Debug|Any CPU
		Release|Any CPU = Release|Any CPU
	EndGlobalSection
	GlobalSection(ProjectConfigurationPlatforms) = postSolution
		{37813417-5489-47F2-B4BB-4A0D432E8E4A}.Debug|Any CPU.ActiveCfg = Debug|Any CPU
		{37813417-5489-47F2-B4BB-4A0D432E8E4A}.Debug|Any CPU.Build.0 = Debug|Any CPU
		{37813417-5489-47F2-B4BB-4A0D432E8E4A}.Release|Any CPU.ActiveCfg = Release|Any CPU
		{37813417-5489-47F2-B4BB-4A0D432E8E4A}.Release|Any CPU.Build.0 = Release|Any CPU
		{B9CE0AE8-1275-4820-B6F0-E4D606281BEE}.Debug|Any CPU.ActiveCfg = Debug|Any CPU
		{B9CE0AE8-1275-4820-B6F0-E4D606281BEE}.Debug|Any CPU.Build.0 = Debug|Any CPU
		{B9CE0AE8-1275-4820-B6F0-E4D606281BEE}.Release|Any CPU.ActiveCfg = Release|Any CPU
		{B9CE0AE8-1275-4820-B6F0-E4D606281BEE}.Release|Any CPU.Build.0 = Release|Any CPU
	EndGlobalSection
	GlobalSection(SolutionProperties) = preSolution
		HideSolutionNode = FALSE
	EndGlobalSection
	GlobalSection(ExtensibilityGlobals) = postSolution
		SolutionGuid = {7E8D978C-A7DF-4EF6-9A22-F2912182874D}
	EndGlobalSection
EndGlobal
